
Microsoft Visual Studio Solution File, Format Version 12.00
# Visual Studio Version 16
VisualStudioVersion = 16.0.31313.79
MinimumVisualStudioVersion = 10.0.40219.1
Project("{9A19103F-16F7-4668-BE54-9A1E7A4F7556}") = "IssuePRreport", "..\Task4\week 4\IAsyncEnumerable\IssuePRreport.csproj", "{BE0501E3-5252-4E0E-8AAF-0205DBFD0EB7}"
EndProject
Global
	GlobalSection(SolutionConfigurationPlatforms) = preSolution
		Debug|Any CPU = Debug|Any CPU
		Release|Any CPU = Release|Any CPU
	EndGlobalSection
	GlobalSection(ProjectConfigurationPlatforms) = postSolution
		{BE0501E3-5252-4E0E-8AAF-0205DBFD0EB7}.Debug|Any CPU.ActiveCfg = Debug|Any CPU
		{BE0501E3-5252-4E0E-8AAF-0205DBFD0EB7}.Debug|Any CPU.Build.0 = Debug|Any CPU
		{BE0501E3-5252-4E0E-8AAF-0205DBFD0EB7}.Release|Any CPU.ActiveCfg = Release|Any CPU
		{BE0501E3-5252-4E0E-8AAF-0205DBFD0EB7}.Release|Any CPU.Build.0 = Release|Any CPU
	EndGlobalSection
	GlobalSection(SolutionProperties) = preSolution
		HideSolutionNode = FALSE
	EndGlobalSection
	GlobalSection(ExtensibilityGlobals) = postSolution
		SolutionGuid = {97A0578C-CE0C-49B4-8B7A-2F527AA7AB1E}
	EndGlobalSection
EndGlobal
