
Microsoft Visual Studio Solution File, Format Version 12.00
# Visual Studio Version 16
VisualStudioVersion = 16.0.31313.79
MinimumVisualStudioVersion = 10.0.40219.1
Project("{FAE04EC0-301F-11D3-BF4B-00C04F79EFBC}") = "TextEditorTask", "TextEditorTask.csproj", "{293DD790-2D00-43BD-881E-0626708053B6}"
EndProject
Project("{FAE04EC0-301F-11D3-BF4B-00C04F79EFBC}") = "TextEditorTaskTests", "..\TextEditorTaskTests\TextEditorTaskTests.csproj", "{DBCC77C1-E66A-4811-8ABB-C840D5642021}"
EndProject
Global
	GlobalSection(SolutionConfigurationPlatforms) = preSolution
		Debug|Any CPU = Debug|Any CPU
		Release|Any CPU = Release|Any CPU
	EndGlobalSection
	GlobalSection(ProjectConfigurationPlatforms) = postSolution
		{293DD790-2D00-43BD-881E-0626708053B6}.Debug|Any CPU.ActiveCfg = Debug|Any CPU
		{293DD790-2D00-43BD-881E-0626708053B6}.Debug|Any CPU.Build.0 = Debug|Any CPU
		{293DD790-2D00-43BD-881E-0626708053B6}.Release|Any CPU.ActiveCfg = Release|Any CPU
		{293DD790-2D00-43BD-881E-0626708053B6}.Release|Any CPU.Build.0 = Release|Any CPU
		{DBCC77C1-E66A-4811-8ABB-C840D5642021}.Debug|Any CPU.ActiveCfg = Debug|Any CPU
		{DBCC77C1-E66A-4811-8ABB-C840D5642021}.Debug|Any CPU.Build.0 = Debug|Any CPU
		{DBCC77C1-E66A-4811-8ABB-C840D5642021}.Release|Any CPU.ActiveCfg = Release|Any CPU
		{DBCC77C1-E66A-4811-8ABB-C840D5642021}.Release|Any CPU.Build.0 = Release|Any CPU
	EndGlobalSection
	GlobalSection(SolutionProperties) = preSolution
		HideSolutionNode = FALSE
	EndGlobalSection
	GlobalSection(ExtensibilityGlobals) = postSolution
		SolutionGuid = {D8EDD75F-3AD6-4FB2-AAEC-BCB37E12267C}
	EndGlobalSection
EndGlobal
