
Microsoft Visual Studio Solution File, Format Version 12.00
# Visual Studio Version 16
VisualStudioVersion = 16.0.31313.79
MinimumVisualStudioVersion = 10.0.40219.1
Project("{9A19103F-16F7-4668-BE54-9A1E7A4F7556}") = "FractionTask", "FractionTask.csproj", "{FEF9D37D-6A36-4BE8-AEBB-4146CCF195A5}"
EndProject
Project("{9A19103F-16F7-4668-BE54-9A1E7A4F7556}") = "FractionTaskTests", "..\FractionTaskTests\FractionTaskTests.csproj", "{042BBA9B-2144-4029-A6C5-3FB45E1396F6}"
	ProjectSection(ProjectDependencies) = postProject
		{FEF9D37D-6A36-4BE8-AEBB-4146CCF195A5} = {FEF9D37D-6A36-4BE8-AEBB-4146CCF195A5}
	EndProjectSection
EndProject
Project("{FAE04EC0-301F-11D3-BF4B-00C04F79EFBC}") = "TrainingCenter", "..\TrainingCenter\TrainingCenter.csproj", "{924AF2F0-D1B2-40F3-906F-E79A625BA017}"
EndProject
Global
	GlobalSection(SolutionConfigurationPlatforms) = preSolution
		Debug|Any CPU = Debug|Any CPU
		Release|Any CPU = Release|Any CPU
	EndGlobalSection
	GlobalSection(ProjectConfigurationPlatforms) = postSolution
		{FEF9D37D-6A36-4BE8-AEBB-4146CCF195A5}.Debug|Any CPU.ActiveCfg = Debug|Any CPU
		{FEF9D37D-6A36-4BE8-AEBB-4146CCF195A5}.Debug|Any CPU.Build.0 = Debug|Any CPU
		{FEF9D37D-6A36-4BE8-AEBB-4146CCF195A5}.Release|Any CPU.ActiveCfg = Release|Any CPU
		{FEF9D37D-6A36-4BE8-AEBB-4146CCF195A5}.Release|Any CPU.Build.0 = Release|Any CPU
		{042BBA9B-2144-4029-A6C5-3FB45E1396F6}.Debug|Any CPU.ActiveCfg = Debug|Any CPU
		{042BBA9B-2144-4029-A6C5-3FB45E1396F6}.Debug|Any CPU.Build.0 = Debug|Any CPU
		{042BBA9B-2144-4029-A6C5-3FB45E1396F6}.Release|Any CPU.ActiveCfg = Release|Any CPU
		{042BBA9B-2144-4029-A6C5-3FB45E1396F6}.Release|Any CPU.Build.0 = Release|Any CPU
		{924AF2F0-D1B2-40F3-906F-E79A625BA017}.Debug|Any CPU.ActiveCfg = Debug|Any CPU
		{924AF2F0-D1B2-40F3-906F-E79A625BA017}.Debug|Any CPU.Build.0 = Debug|Any CPU
		{924AF2F0-D1B2-40F3-906F-E79A625BA017}.Release|Any CPU.ActiveCfg = Release|Any CPU
		{924AF2F0-D1B2-40F3-906F-E79A625BA017}.Release|Any CPU.Build.0 = Release|Any CPU
	EndGlobalSection
	GlobalSection(SolutionProperties) = preSolution
		HideSolutionNode = FALSE
	EndGlobalSection
	GlobalSection(ExtensibilityGlobals) = postSolution
		SolutionGuid = {C36AA05B-2973-4492-8CBB-32F0AB6ADB40}
	EndGlobalSection
EndGlobal
