
Microsoft Visual Studio Solution File, Format Version 12.00
# Visual Studio Version 16
VisualStudioVersion = 16.0.31313.79
MinimumVisualStudioVersion = 10.0.40219.1
Project("{FAE04EC0-301F-11D3-BF4B-00C04F79EFBC}") = "DisposeTask", "DisposeTask.csproj", "{93B5D097-A943-41BA-BB20-8D8BF6767C29}"
EndProject
Global
	GlobalSection(SolutionConfigurationPlatforms) = preSolution
		Debug|Any CPU = Debug|Any CPU
		Release|Any CPU = Release|Any CPU
	EndGlobalSection
	GlobalSection(ProjectConfigurationPlatforms) = postSolution
		{93B5D097-A943-41BA-BB20-8D8BF6767C29}.Debug|Any CPU.ActiveCfg = Debug|Any CPU
		{93B5D097-A943-41BA-BB20-8D8BF6767C29}.Debug|Any CPU.Build.0 = Debug|Any CPU
		{93B5D097-A943-41BA-BB20-8D8BF6767C29}.Release|Any CPU.ActiveCfg = Release|Any CPU
		{93B5D097-A943-41BA-BB20-8D8BF6767C29}.Release|Any CPU.Build.0 = Release|Any CPU
	EndGlobalSection
	GlobalSection(SolutionProperties) = preSolution
		HideSolutionNode = FALSE
	EndGlobalSection
	GlobalSection(ExtensibilityGlobals) = postSolution
		SolutionGuid = {9431C9EA-E535-41ED-9067-89E0BB4FF789}
	EndGlobalSection
EndGlobal
